PODS:
  - AmplitudeSwift (1.4.4):
    - AnalyticsConnector (~> 1.0.1)
  - AnalyticsConnector (1.0.3)
  - Differentiator (5.0.0)
  - KeychainSwift (21.0.0)
  - lottie-ios (4.4.1)
  - NMapsGeometry (1.0.1)
  - NMapsMap (3.17.0):
    - NMapsGeometry
  - Realm (10.48.0):
    - Realm/Headers (= 10.48.0)
  - Realm/Headers (10.48.0)
  - RealmSwift (10.48.0):
    - Realm (= 10.48.0)
  - RxBlocking (6.6.0):
    - RxSwift (= 6.6.0)
  - RxCocoa (6.6.0):
    - RxRelay (= 6.6.0)
    - RxSwift (= 6.6.0)
  - RxDataSources (5.0.0):
    - Differentiator (~> 5.0)
    - RxCocoa (~> 6.0)
    - RxSwift (~> 6.0)
  - RxRelay (6.6.0):
    - RxSwift (= 6.6.0)
  - RxSwift (6.6.0)
  - RxTest (6.6.0):
    - RxSwift (= 6.6.0)
  - Toast-Swift (5.1.0)

DEPENDENCIES:
  - AmplitudeSwift (= 1.4.4)
  - KeychainSwift (= 21.0.0)
  - lottie-ios (= 4.4.1)
  - NMapsMap
  - RealmSwift (= 10.48.0)
  - RxBlocking (= 6.6.0)
  - RxCocoa (= 6.6.0)
  - RxDataSources (~> 5.0)
  - RxSwift (= 6.6.0)
  - RxTest (= 6.6.0)
  - Toast-Swift (= 5.1.0)

SPEC REPOS:
  trunk:
    - AmplitudeSwift
    - AnalyticsConnector
    - Differentiator
    - KeychainSwift
    - lottie-ios
    - NMapsGeometry
    - NMapsMap
    - Realm
    - RealmSwift
    - RxBlocking
    - RxCocoa
    - RxDataSources
    - RxRelay
    - RxSwift
    - RxTest
    - Toast-Swift

SPEC CHECKSUMS:
  AmplitudeSwift: 13725c3313c2e2cac30836dc2c973d3883baabef
  AnalyticsConnector: a53214d38ae22734c6266106c0492b37832633a9
  Differentiator: e8497ceab83c1b10ca233716d547b9af21b9344d
  KeychainSwift: 4a71a45c802fd9e73906457c2dcbdbdc06c9419d
  lottie-ios: e047b1d2e6239b787cc5e9755b988869cf190494
  NMapsGeometry: 53c573ead66466681cf123f99f698dc8071a4b83
  NMapsMap: a5b909a31b6f3d27a670f6eb2ddc913c38975474
  Realm: ac7ec3bd884b42282431fc414cc0bb3e92d726cf
  RealmSwift: 4eb8b254ebe413cbc486c5a366f2a315b54d75f7
  RxBlocking: fbd1f8501443024f686e556f36dac79b0d5f4d7c
  RxCocoa: 44a80de90e25b739b5aeaae3c8c371a32e3343cc
  RxDataSources: aa47cc1ed6c500fa0dfecac5c979b723542d79cf
  RxRelay: 45eaa5db8ee4fb50e5ebd57deec0159e97fa51e6
  RxSwift: a4b44f7d24599f674deebd1818eab82e58410632
  RxTest: a23f26bb53a5e146a0a69db4f0fa0b69001ce7f4
  Toast-Swift: dd369e68ee529f542c65bd0d0c6c50cd743cf6f2

PODFILE CHECKSUM: f2ae6150d9b0e8b31f63cefa4c1b50b904c7dae4

COCOAPODS: 1.15.2
